
Microsoft Visual Studio Solution File, Format Version 12.00
# Visual Studio 15
VisualStudioVersion = 15.0.27428.2027
MinimumVisualStudioVersion = 10.0.40219.1
Project("{9A19103F-16F7-4668-BE54-9A1E7A4F7556}") = "Event_Implementation", "Event_Implementation\Event_Implementation.csproj", "{37C4BC31-7263-41BE-BB3D-8F4C4472C706}"
EndProject
Project("{FAE04EC0-301F-11D3-BF4B-00C04F79EFBC}") = "Kings_Gambit", "Kings_Gambit\Kings_Gambit.csproj", "{18F7A839-6613-4F1D-A721-3835AEAD36D6}"
EndProject
Project("{FAE04EC0-301F-11D3-BF4B-00C04F79EFBC}") = "Dependency_Inversion", "Dependency_Inversion\Dependency_Inversion.csproj", "{4C65EB41-2A4E-4EA3-AE5D-12FAC48E216B}"
EndProject
Project("{FAE04EC0-301F-11D3-BF4B-00C04F79EFBC}") = "Work_Force", "Work_Force\Work_Force.csproj", "{D6B8F1E1-D2D4-4559-9C01-E7796C688A23}"
EndProject
Global
	GlobalSection(SolutionConfigurationPlatforms) = preSolution
		Debug|Any CPU = Debug|Any CPU
		Release|Any CPU = Release|Any CPU
	EndGlobalSection
	GlobalSection(ProjectConfigurationPlatforms) = postSolution
		{37C4BC31-7263-41BE-BB3D-8F4C4472C706}.Debug|Any CPU.ActiveCfg = Debug|Any CPU
		{37C4BC31-7263-41BE-BB3D-8F4C4472C706}.Debug|Any CPU.Build.0 = Debug|Any CPU
		{37C4BC31-7263-41BE-BB3D-8F4C4472C706}.Release|Any CPU.ActiveCfg = Release|Any CPU
		{37C4BC31-7263-41BE-BB3D-8F4C4472C706}.Release|Any CPU.Build.0 = Release|Any CPU
		{18F7A839-6613-4F1D-A721-3835AEAD36D6}.Debug|Any CPU.ActiveCfg = Debug|Any CPU
		{18F7A839-6613-4F1D-A721-3835AEAD36D6}.Debug|Any CPU.Build.0 = Debug|Any CPU
		{18F7A839-6613-4F1D-A721-3835AEAD36D6}.Release|Any CPU.ActiveCfg = Release|Any CPU
		{18F7A839-6613-4F1D-A721-3835AEAD36D6}.Release|Any CPU.Build.0 = Release|Any CPU
		{4C65EB41-2A4E-4EA3-AE5D-12FAC48E216B}.Debug|Any CPU.ActiveCfg = Debug|Any CPU
		{4C65EB41-2A4E-4EA3-AE5D-12FAC48E216B}.Debug|Any CPU.Build.0 = Debug|Any CPU
		{4C65EB41-2A4E-4EA3-AE5D-12FAC48E216B}.Release|Any CPU.ActiveCfg = Release|Any CPU
		{4C65EB41-2A4E-4EA3-AE5D-12FAC48E216B}.Release|Any CPU.Build.0 = Release|Any CPU
		{D6B8F1E1-D2D4-4559-9C01-E7796C688A23}.Debug|Any CPU.ActiveCfg = Debug|Any CPU
		{D6B8F1E1-D2D4-4559-9C01-E7796C688A23}.Debug|Any CPU.Build.0 = Debug|Any CPU
		{D6B8F1E1-D2D4-4559-9C01-E7796C688A23}.Release|Any CPU.ActiveCfg = Release|Any CPU
		{D6B8F1E1-D2D4-4559-9C01-E7796C688A23}.Release|Any CPU.Build.0 = Release|Any CPU
	EndGlobalSection
	GlobalSection(SolutionProperties) = preSolution
		HideSolutionNode = FALSE
	EndGlobalSection
	GlobalSection(ExtensibilityGlobals) = postSolution
		SolutionGuid = {6F7A2A5E-ADBB-4B24-AA93-C05DABAF1A07}
	EndGlobalSection
EndGlobal
