
Microsoft Visual Studio Solution File, Format Version 12.00
# Visual Studio 15
VisualStudioVersion = 15.0.27428.2027
MinimumVisualStudioVersion = 10.0.40219.1
Project("{9A19103F-16F7-4668-BE54-9A1E7A4F7556}") = "DatabaseClass", "DatabaseClass\DatabaseClass.csproj", "{AB1733CB-9A34-46E5-A78E-22A03459047B}"
EndProject
Project("{9A19103F-16F7-4668-BE54-9A1E7A4F7556}") = "DatabaseTesting", "DatabaseTesting\DatabaseTesting.csproj", "{021A12DF-056B-4B8A-BA54-C09D2FCF55C3}"
EndProject
Project("{9A19103F-16F7-4668-BE54-9A1E7A4F7556}") = "Extended_Database", "Extended_Database\Extended_Database.csproj", "{927C5333-F46D-433C-9A02-A0505186A149}"
EndProject
Project("{9A19103F-16F7-4668-BE54-9A1E7A4F7556}") = "Extended_DatabaseTesting", "Extended_DatabaseTesting\Extended_DatabaseTesting.csproj", "{7C3A8464-28D8-42B0-A0DE-536E4039962C}"
EndProject
Project("{9A19103F-16F7-4668-BE54-9A1E7A4F7556}") = "Iterator_Test", "Iterator_Test\Iterator_Test.csproj", "{2939796A-E46B-4CD7-9910-D69801584D6F}"
EndProject
Project("{9A19103F-16F7-4668-BE54-9A1E7A4F7556}") = "Iterator_TestTests", "Iterator_TestTests\Iterator_TestTests.csproj", "{5273C16C-E4B6-4C1C-997A-47CF2E10DA9A}"
EndProject
Project("{9A19103F-16F7-4668-BE54-9A1E7A4F7556}") = "BubbleSort", "BubbleSort\BubbleSort.csproj", "{5DC62933-526F-481D-91A9-8622A9452653}"
EndProject
Project("{9A19103F-16F7-4668-BE54-9A1E7A4F7556}") = "BubbleSort_Testing", "BubbleSort_Testing\BubbleSort_Testing.csproj", "{88D28859-5838-49DA-9A78-1722FCA56B48}"
EndProject
Project("{9A19103F-16F7-4668-BE54-9A1E7A4F7556}") = "Integration_Tests", "Integration_Tests\Integration_Tests.csproj", "{43E22444-3176-49AE-BC24-64EE9313E8E6}"
EndProject
Project("{FAE04EC0-301F-11D3-BF4B-00C04F79EFBC}") = "DateTime_Tests", "DateTime_Tests\DateTime_Tests.csproj", "{5190A2CA-9BDF-47E0-B159-D2F30694FC26}"
EndProject
Project("{FAE04EC0-301F-11D3-BF4B-00C04F79EFBC}") = "DateTimeNow", "DateTimeNow\DateTimeNow.csproj", "{370439D6-4B54-48EE-B424-7DE39471A0A2}"
EndProject
Project("{FAE04EC0-301F-11D3-BF4B-00C04F79EFBC}") = "Hack", "Hack\Hack.csproj", "{0C2814CC-1E13-4ED9-8201-60315A761E84}"
EndProject
Project("{FAE04EC0-301F-11D3-BF4B-00C04F79EFBC}") = "HackTests", "HackTests\HackTests.csproj", "{25000069-327F-4518-9EF8-2ADBEDE44E46}"
EndProject
Global
	GlobalSection(SolutionConfigurationPlatforms) = preSolution
		Debug|Any CPU = Debug|Any CPU
		Release|Any CPU = Release|Any CPU
	EndGlobalSection
	GlobalSection(ProjectConfigurationPlatforms) = postSolution
		{AB1733CB-9A34-46E5-A78E-22A03459047B}.Debug|Any CPU.ActiveCfg = Debug|Any CPU
		{AB1733CB-9A34-46E5-A78E-22A03459047B}.Debug|Any CPU.Build.0 = Debug|Any CPU
		{AB1733CB-9A34-46E5-A78E-22A03459047B}.Release|Any CPU.ActiveCfg = Release|Any CPU
		{AB1733CB-9A34-46E5-A78E-22A03459047B}.Release|Any CPU.Build.0 = Release|Any CPU
		{021A12DF-056B-4B8A-BA54-C09D2FCF55C3}.Debug|Any CPU.ActiveCfg = Debug|Any CPU
		{021A12DF-056B-4B8A-BA54-C09D2FCF55C3}.Debug|Any CPU.Build.0 = Debug|Any CPU
		{021A12DF-056B-4B8A-BA54-C09D2FCF55C3}.Release|Any CPU.ActiveCfg = Release|Any CPU
		{021A12DF-056B-4B8A-BA54-C09D2FCF55C3}.Release|Any CPU.Build.0 = Release|Any CPU
		{927C5333-F46D-433C-9A02-A0505186A149}.Debug|Any CPU.ActiveCfg = Debug|Any CPU
		{927C5333-F46D-433C-9A02-A0505186A149}.Debug|Any CPU.Build.0 = Debug|Any CPU
		{927C5333-F46D-433C-9A02-A0505186A149}.Release|Any CPU.ActiveCfg = Release|Any CPU
		{927C5333-F46D-433C-9A02-A0505186A149}.Release|Any CPU.Build.0 = Release|Any CPU
		{7C3A8464-28D8-42B0-A0DE-536E4039962C}.Debug|Any CPU.ActiveCfg = Debug|Any CPU
		{7C3A8464-28D8-42B0-A0DE-536E4039962C}.Debug|Any CPU.Build.0 = Debug|Any CPU
		{7C3A8464-28D8-42B0-A0DE-536E4039962C}.Release|Any CPU.ActiveCfg = Release|Any CPU
		{7C3A8464-28D8-42B0-A0DE-536E4039962C}.Release|Any CPU.Build.0 = Release|Any CPU
		{2939796A-E46B-4CD7-9910-D69801584D6F}.Debug|Any CPU.ActiveCfg = Debug|Any CPU
		{2939796A-E46B-4CD7-9910-D69801584D6F}.Debug|Any CPU.Build.0 = Debug|Any CPU
		{2939796A-E46B-4CD7-9910-D69801584D6F}.Release|Any CPU.ActiveCfg = Release|Any CPU
		{2939796A-E46B-4CD7-9910-D69801584D6F}.Release|Any CPU.Build.0 = Release|Any CPU
		{5273C16C-E4B6-4C1C-997A-47CF2E10DA9A}.Debug|Any CPU.ActiveCfg = Debug|Any CPU
		{5273C16C-E4B6-4C1C-997A-47CF2E10DA9A}.Debug|Any CPU.Build.0 = Debug|Any CPU
		{5273C16C-E4B6-4C1C-997A-47CF2E10DA9A}.Release|Any CPU.ActiveCfg = Release|Any CPU
		{5273C16C-E4B6-4C1C-997A-47CF2E10DA9A}.Release|Any CPU.Build.0 = Release|Any CPU
		{5DC62933-526F-481D-91A9-8622A9452653}.Debug|Any CPU.ActiveCfg = Debug|Any CPU
		{5DC62933-526F-481D-91A9-8622A9452653}.Debug|Any CPU.Build.0 = Debug|Any CPU
		{5DC62933-526F-481D-91A9-8622A9452653}.Release|Any CPU.ActiveCfg = Release|Any CPU
		{5DC62933-526F-481D-91A9-8622A9452653}.Release|Any CPU.Build.0 = Release|Any CPU
		{88D28859-5838-49DA-9A78-1722FCA56B48}.Debug|Any CPU.ActiveCfg = Debug|Any CPU
		{88D28859-5838-49DA-9A78-1722FCA56B48}.Debug|Any CPU.Build.0 = Debug|Any CPU
		{88D28859-5838-49DA-9A78-1722FCA56B48}.Release|Any CPU.ActiveCfg = Release|Any CPU
		{88D28859-5838-49DA-9A78-1722FCA56B48}.Release|Any CPU.Build.0 = Release|Any CPU
		{43E22444-3176-49AE-BC24-64EE9313E8E6}.Debug|Any CPU.ActiveCfg = Debug|Any CPU
		{43E22444-3176-49AE-BC24-64EE9313E8E6}.Debug|Any CPU.Build.0 = Debug|Any CPU
		{43E22444-3176-49AE-BC24-64EE9313E8E6}.Release|Any CPU.ActiveCfg = Release|Any CPU
		{43E22444-3176-49AE-BC24-64EE9313E8E6}.Release|Any CPU.Build.0 = Release|Any CPU
		{5190A2CA-9BDF-47E0-B159-D2F30694FC26}.Debug|Any CPU.ActiveCfg = Debug|Any CPU
		{5190A2CA-9BDF-47E0-B159-D2F30694FC26}.Debug|Any CPU.Build.0 = Debug|Any CPU
		{5190A2CA-9BDF-47E0-B159-D2F30694FC26}.Release|Any CPU.ActiveCfg = Release|Any CPU
		{5190A2CA-9BDF-47E0-B159-D2F30694FC26}.Release|Any CPU.Build.0 = Release|Any CPU
		{370439D6-4B54-48EE-B424-7DE39471A0A2}.Debug|Any CPU.ActiveCfg = Debug|Any CPU
		{370439D6-4B54-48EE-B424-7DE39471A0A2}.Debug|Any CPU.Build.0 = Debug|Any CPU
		{370439D6-4B54-48EE-B424-7DE39471A0A2}.Release|Any CPU.ActiveCfg = Release|Any CPU
		{370439D6-4B54-48EE-B424-7DE39471A0A2}.Release|Any CPU.Build.0 = Release|Any CPU
		{0C2814CC-1E13-4ED9-8201-60315A761E84}.Debug|Any CPU.ActiveCfg = Debug|Any CPU
		{0C2814CC-1E13-4ED9-8201-60315A761E84}.Debug|Any CPU.Build.0 = Debug|Any CPU
		{0C2814CC-1E13-4ED9-8201-60315A761E84}.Release|Any CPU.ActiveCfg = Release|Any CPU
		{0C2814CC-1E13-4ED9-8201-60315A761E84}.Release|Any CPU.Build.0 = Release|Any CPU
		{25000069-327F-4518-9EF8-2ADBEDE44E46}.Debug|Any CPU.ActiveCfg = Debug|Any CPU
		{25000069-327F-4518-9EF8-2ADBEDE44E46}.Debug|Any CPU.Build.0 = Debug|Any CPU
		{25000069-327F-4518-9EF8-2ADBEDE44E46}.Release|Any CPU.ActiveCfg = Release|Any CPU
		{25000069-327F-4518-9EF8-2ADBEDE44E46}.Release|Any CPU.Build.0 = Release|Any CPU
	EndGlobalSection
	GlobalSection(SolutionProperties) = preSolution
		HideSolutionNode = FALSE
	EndGlobalSection
	GlobalSection(ExtensibilityGlobals) = postSolution
		SolutionGuid = {50D9E37E-52C0-4885-9A51-D127A5650418}
	EndGlobalSection
EndGlobal
